{
  "name": "vite-plugin-localhost-certs",
  "version": "1.0.0",
  "lockfileVersion": 2,
  "requires": true,
  "packages": {
    "": {
      "name": "vite-plugin-localhost-certs",
      "version": "1.0.0",
      "license": "ISC",
      "dependencies": {
        "localhost-certs": "^1.0.1"
      }
    },
    "node_modules/localhost-certs": {
      "version": "1.0.1",
      "resolved": "https://registry.npmjs.org/localhost-certs/-/localhost-certs-1.0.1.tgz",
      "integrity": "sha512-+n3rtsbgL7S5yqzrACRIc2hdz8GVxkw2vnPP00bA3sn0EfIUC+NYu9K7v7f3cQJ4P/CgREcU9nbFAdMkcUHD6Q=="
    }
  },
  "dependencies": {
    "localhost-certs": {
      "version": "1.0.1",
      "resolved": "https://registry.npmjs.org/localhost-certs/-/localhost-certs-1.0.1.tgz",
      "integrity": "sha512-+n3rtsbgL7S5yqzrACRIc2hdz8GVxkw2vnPP00bA3sn0EfIUC+NYu9K7v7f3cQJ4P/CgREcU9nbFAdMkcUHD6Q=="
    }
  }
}
